# THIS IS AN AUTOGENERATED FILE. DO NOT EDIT THIS FILE DIRECTLY.
# yarn lockfile v1


"@types/estree@0.0.39":
  version "0.0.39"
  resolved "https://registry.yarnpkg.com/@types/estree/-/estree-0.0.39.tgz#e177e699ee1b8c22d23174caaa7422644389509f"
  integrity sha512-EYNwp3bU+98cpU4lAWYYL7Zz+2gryWH1qbdDTidVd6hkiR6weksdbMadyXKXNPEkQFhXM+hVO9ZygomHXp+AIw==

"@types/node@^12.0.2":
  version "12.0.2"
  resolved "https://registry.yarnpkg.com/@types/node/-/node-12.0.2.tgz#3452a24edf9fea138b48fad4a0a028a683da1e40"
  integrity sha512-5tabW/i+9mhrfEOUcLDu2xBPsHJ+X5Orqy9FKpale3SjDA17j5AEpYq5vfy3oAeAHGcvANRCO3NV3d2D6q3NiA==

acorn@^6.1.1:
  version "6.1.1"
  resolved "https://registry.yarnpkg.com/acorn/-/acorn-6.1.1.tgz#7d25ae05bb8ad1f9b699108e1094ecd7884adc1f"
  integrity sha512-jPTiwtOxaHNaAPg/dmrJ/beuzLRnXtB0kQPQ8JpotKJgTB6rX6c8mlf315941pyjBSaPg8NHXS9fhP4u17DpGA==

commander@~2.14.1:
  version "2.14.1"
  resolved "https://registry.yarnpkg.com/commander/-/commander-2.14.1.tgz#2235123e37af8ca3c65df45b026dbd357b01b9aa"
  integrity sha512-+YR16o3rK53SmWHU3rEM3tPAh2rwb1yPcQX5irVn7mb0gXbwuCCrnkbV5+PBfETdfg1vui07nM6PCG1zndcjQw==

rollup@^1.12.0:
  version "1.12.0"
  resolved "https://registry.yarnpkg.com/rollup/-/rollup-1.12.0.tgz#3e07e7d178bf61fe12325660a037ae0041219d8c"
  integrity sha512-DFqgTupu9dkoS80AZ4xMgeLCeC96pGRCu1MLlOwRAjJ3qGItw+j4YWcL3/uWbgQO2mnmrAZphxAdjSXYsG5pWA==
  dependencies:
    "@types/estree" "0.0.39"
    "@types/node" "^12.0.2"
    acorn "^6.1.1"

source-map@~0.6.1:
  version "0.6.1"
  resolved "https://registry.yarnpkg.com/source-map/-/source-map-0.6.1.tgz#74722af32e9614e9c287a8d0bbde48b5e2f1a263"
  integrity sha512-UjgapumWlbMhkBgzT7Ykc5YXUT46F0iKu8SGXq0bcwP5dz/h0Plj6enJqjz1Zbq2l5WaqYnrVbwWOWMyF3F47g==

uglify-es@mishoo/UglifyJS2#harmony:
  version "3.3.10"
  resolved "https://codeload.github.com/mishoo/UglifyJS2/tar.gz/569757d14dbbe04f66af65d7bf0600b3a75efd96"
  dependencies:
    commander "~2.14.1"
    source-map "~0.6.1"
